// !$*UTF8*$!
{
	archiveVersion = 1;
	classes = {
	};
	objectVersion = 46;
	objects = {

/* Begin PBXBuildFile section */
		1F4A2D5E1E9779DC0033B5D8 /* main.m in Sources */ = {isa = PBXBuildFile; fileRef = 1F4A2D5D1E9779DC0033B5D8 /* main.m */; };
		1F4A2D611E9779DC0033B5D8 /* AppDelegate.m in Sources */ = {isa = PBXBuildFile; fileRef = 1F4A2D601E9779DC0033B5D8 /* AppDelegate.m */; };
		1F4A2D641E9779DC0033B5D8 /* ViewController.m in Sources */ = {isa = PBXBuildFile; fileRef = 1F4A2D631E9779DC0033B5D8 /* ViewController.m */; };
		1F4A2D671E9779DC0033B5D8 /* Main.storyboard in Resources */ = {isa = PBXBuildFile; fileRef = 1F4A2D651E9779DC0033B5D8 /* Main.storyboard */; };
		1F4A2D691E9779DC0033B5D8 /* Assets.xcassets in Resources */ = {isa = PBXBuildFile; fileRef = 1F4A2D681E9779DC0033B5D8 /* Assets.xcassets */; };
		1F4A2D6C1E9779DC0033B5D8 /* LaunchScreen.storyboard in Resources */ = {isa = PBXBuildFile; fileRef = 1F4A2D6A1E9779DC0033B5D8 /* LaunchScreen.storyboard */; };
		1F4A2D811E977E5D0033B5D8 /* SearchResultViewController.m in Sources */ = {isa = PBXBuildFile; fileRef = 1F4A2D801E977E5D0033B5D8 /* SearchResultViewController.m */; };
		1F4A2D841E977FA00033B5D8 /* SearchRootViewController.m in Sources */ = {isa = PBXBuildFile; fileRef = 1F4A2D831E977FA00033B5D8 /* SearchRootViewController.m */; };
		1F4A2D871E979A660033B5D8 /* HomeViewController.m in Sources */ = {isa = PBXBuildFile; fileRef = 1F4A2D861E979A660033B5D8 /* HomeViewController.m */; };
		1F4A2D8A1E979DB00033B5D8 /* SearchHistoryView.m in Sources */ = {isa = PBXBuildFile; fileRef = 1F4A2D891E979DB00033B5D8 /* SearchHistoryView.m */; };
		1F4A2D8E1E97B8A40033B5D8 /* FJTagCollectionView.m in Sources */ = {isa = PBXBuildFile; fileRef = 1F4A2D8D1E97B8A40033B5D8 /* FJTagCollectionView.m */; };
		1F58A6F01E9B1EE800ADAD31 /* FJTagConfig.m in Sources */ = {isa = PBXBuildFile; fileRef = 1F58A6EF1E9B1EE800ADAD31 /* FJTagConfig.m */; };
		1F58A6F31E9B3E2800ADAD31 /* FJTextButton.m in Sources */ = {isa = PBXBuildFile; fileRef = 1F58A6F21E9B3E2800ADAD31 /* FJTextButton.m */; };
		1F58A6FC1E9B616400ADAD31 /* SearchHistoryCell.m in Sources */ = {isa = PBXBuildFile; fileRef = 1F58A6FA1E9B616400ADAD31 /* SearchHistoryCell.m */; };
		1F58A6FD1E9B616400ADAD31 /* SearchHistoryCell.xib in Resources */ = {isa = PBXBuildFile; fileRef = 1F58A6FB1E9B616400ADAD31 /* SearchHistoryCell.xib */; };
		1F58A7001E9B884B00ADAD31 /* SearchBaseViewController.m in Sources */ = {isa = PBXBuildFile; fileRef = 1F58A6FF1E9B884B00ADAD31 /* SearchBaseViewController.m */; };
		1F58A7071E9B972100ADAD31 /* SearchAutomatedCell.m in Sources */ = {isa = PBXBuildFile; fileRef = 1F58A7051E9B972100ADAD31 /* SearchAutomatedCell.m */; };
		1F58A7081E9B972100ADAD31 /* SearchAutomatedCell.xib in Resources */ = {isa = PBXBuildFile; fileRef = 1F58A7061E9B972100ADAD31 /* SearchAutomatedCell.xib */; };
		1F58A70B1E9B987D00ADAD31 /* SearchAutomatedView.m in Sources */ = {isa = PBXBuildFile; fileRef = 1F58A70A1E9B987D00ADAD31 /* SearchAutomatedView.m */; };
		1F76B1351E9DD2E900C88034 /* ProductViewController.m in Sources */ = {isa = PBXBuildFile; fileRef = 1F76B1341E9DD2E900C88034 /* ProductViewController.m */; };
		1F76B1381E9DDA3E00C88034 /* SearchFilterCategoryView.m in Sources */ = {isa = PBXBuildFile; fileRef = 1F76B1371E9DDA3E00C88034 /* SearchFilterCategoryView.m */; };
		1F76B13B1E9DF95700C88034 /* FilterGroupHeaderView.m in Sources */ = {isa = PBXBuildFile; fileRef = 1F76B13A1E9DF95700C88034 /* FilterGroupHeaderView.m */; };
		1F76B13D1E9DF96500C88034 /* FilterGroupHeaderView.xib in Resources */ = {isa = PBXBuildFile; fileRef = 1F76B13C1E9DF96500C88034 /* FilterGroupHeaderView.xib */; };
		1F76B1411E9DFB3400C88034 /* FilterGroupCell.m in Sources */ = {isa = PBXBuildFile; fileRef = 1F76B13F1E9DFB3400C88034 /* FilterGroupCell.m */; };
		1F76B1421E9DFB3400C88034 /* FilterGroupCell.xib in Resources */ = {isa = PBXBuildFile; fileRef = 1F76B1401E9DFB3400C88034 /* FilterGroupCell.xib */; };
		1F76B1441E9E01AE00C88034 /* category.json in Resources */ = {isa = PBXBuildFile; fileRef = 1F76B1431E9E01AE00C88034 /* category.json */; };
		1F76B1501E9E0D0000C88034 /* ProductSearchResponse.m in Sources */ = {isa = PBXBuildFile; fileRef = 1F76B14F1E9E0D0000C88034 /* ProductSearchResponse.m */; };
		1F76B1531E9E0D4B00C88034 /* GoodsBase.m in Sources */ = {isa = PBXBuildFile; fileRef = 1F76B1521E9E0D4B00C88034 /* GoodsBase.m */; };
		1F76B1561E9E0DB300C88034 /* PageModel.m in Sources */ = {isa = PBXBuildFile; fileRef = 1F76B1551E9E0DB300C88034 /* PageModel.m */; };
		1F76B1591E9E0E3800C88034 /* MyModel.m in Sources */ = {isa = PBXBuildFile; fileRef = 1F76B1581E9E0E3800C88034 /* MyModel.m */; };
		1F76B15C1E9E1E7300C88034 /* NSArray+JSONModel.m in Sources */ = {isa = PBXBuildFile; fileRef = 1F76B15B1E9E1E7300C88034 /* NSArray+JSONModel.m */; };
		1F9CCCFD1E9C68E4005570AE /* SearchNavBarButton.m in Sources */ = {isa = PBXBuildFile; fileRef = 1F9CCCFC1E9C68E4005570AE /* SearchNavBarButton.m */; };
		1F9CCD001E9C703C005570AE /* MessageViewController.m in Sources */ = {isa = PBXBuildFile; fileRef = 1F9CCCFF1E9C703C005570AE /* MessageViewController.m */; };
		1F9CCD041E9C854C005570AE /* ProductSearchBar.m in Sources */ = {isa = PBXBuildFile; fileRef = 1F9CCD021E9C854C005570AE /* ProductSearchBar.m */; };
		1F9CCD051E9C854C005570AE /* ProductSearchBar.xib in Resources */ = {isa = PBXBuildFile; fileRef = 1F9CCD031E9C854C005570AE /* ProductSearchBar.xib */; };
		1F9CCD091E9CA8B6005570AE /* SearchTuneBarView.m in Sources */ = {isa = PBXBuildFile; fileRef = 1F9CCD071E9CA8B6005570AE /* SearchTuneBarView.m */; };
		1F9CCD0A1E9CA8B6005570AE /* SearchTuneBarView.xib in Resources */ = {isa = PBXBuildFile; fileRef = 1F9CCD081E9CA8B6005570AE /* SearchTuneBarView.xib */; };
		1F9CCD0E1E9CA9CC005570AE /* SearchTuneBar.m in Sources */ = {isa = PBXBuildFile; fileRef = 1F9CCD0C1E9CA9CC005570AE /* SearchTuneBar.m */; };
		1F9CCD0F1E9CA9CC005570AE /* SearchTuneBar.xib in Resources */ = {isa = PBXBuildFile; fileRef = 1F9CCD0D1E9CA9CC005570AE /* SearchTuneBar.xib */; };
		1F9CCD151E9CAB88005570AE /* FilterSelectModel.m in Sources */ = {isa = PBXBuildFile; fileRef = 1F9CCD141E9CAB88005570AE /* FilterSelectModel.m */; };
		1F9CCD181E9CAC87005570AE /* FilterTagButton.m in Sources */ = {isa = PBXBuildFile; fileRef = 1F9CCD171E9CAC87005570AE /* FilterTagButton.m */; };
		1F9CCD241E9CBB82005570AE /* ProductCollectionViewCell.m in Sources */ = {isa = PBXBuildFile; fileRef = 1F9CCD221E9CBB82005570AE /* ProductCollectionViewCell.m */; };
		1F9CCD251E9CBB82005570AE /* ProductCollectionViewCell.xib in Resources */ = {isa = PBXBuildFile; fileRef = 1F9CCD231E9CBB82005570AE /* ProductCollectionViewCell.xib */; };
		1F9CCD281E9CC4F7005570AE /* QueryModel.m in Sources */ = {isa = PBXBuildFile; fileRef = 1F9CCD271E9CC4F7005570AE /* QueryModel.m */; };
		1F9CCD2B1E9CD732005570AE /* FJCollectionView+FJRefresh.m in Sources */ = {isa = PBXBuildFile; fileRef = 1F9CCD2A1E9CD732005570AE /* FJCollectionView+FJRefresh.m */; };
		1F9CCD2E1E9CE5ED005570AE /* SearchFilterView.m in Sources */ = {isa = PBXBuildFile; fileRef = 1F9CCD2D1E9CE5ED005570AE /* SearchFilterView.m */; };
		1FB236B51E9F0BEB00B9864D /* FilterTagButton.xib in Resources */ = {isa = PBXBuildFile; fileRef = 1FB236B41E9F0BEB00B9864D /* FilterTagButton.xib */; };
		1FB236B91E9F111B00B9864D /* FilterTuningBrandCell.m in Sources */ = {isa = PBXBuildFile; fileRef = 1FB236B71E9F111B00B9864D /* FilterTuningBrandCell.m */; };
		1FB236BA1E9F111B00B9864D /* FilterTuningBrandCell.xib in Resources */ = {isa = PBXBuildFile; fileRef = 1FB236B81E9F111B00B9864D /* FilterTuningBrandCell.xib */; };
		1FB236BE1E9F114700B9864D /* FilterPriceCell.m in Sources */ = {isa = PBXBuildFile; fileRef = 1FB236BC1E9F114700B9864D /* FilterPriceCell.m */; };
		1FB236BF1E9F114700B9864D /* FilterPriceCell.xib in Resources */ = {isa = PBXBuildFile; fileRef = 1FB236BD1E9F114700B9864D /* FilterPriceCell.xib */; };
		1FB236C31E9F116400B9864D /* FilterCustomPriceCell.m in Sources */ = {isa = PBXBuildFile; fileRef = 1FB236C11E9F116400B9864D /* FilterCustomPriceCell.m */; };
		1FB236C41E9F116400B9864D /* FilterCustomPriceCell.xib in Resources */ = {isa = PBXBuildFile; fileRef = 1FB236C21E9F116400B9864D /* FilterCustomPriceCell.xib */; };
		1FB236C81E9F13B000B9864D /* FilterTuningSellerCell.m in Sources */ = {isa = PBXBuildFile; fileRef = 1FB236C61E9F13B000B9864D /* FilterTuningSellerCell.m */; };
		1FB236C91E9F13B000B9864D /* FilterTuningSellerCell.xib in Resources */ = {isa = PBXBuildFile; fileRef = 1FB236C71E9F13B000B9864D /* FilterTuningSellerCell.xib */; };
		1FB236CC1E9F64D700B9864D /* FJTagModel.m in Sources */ = {isa = PBXBuildFile; fileRef = 1FB236CB1E9F64D700B9864D /* FJTagModel.m */; };
		1FB236CF1E9F651600B9864D /* NSArray+FJTagModel.m in Sources */ = {isa = PBXBuildFile; fileRef = 1FB236CE1E9F651600B9864D /* NSArray+FJTagModel.m */; };
		1FB236D21E9F6F2800B9864D /* RecentSearchModel.m in Sources */ = {isa = PBXBuildFile; fileRef = 1FB236D11E9F6F2800B9864D /* RecentSearchModel.m */; };
		1FB236D81E9F71DD00B9864D /* HotSearchModel.m in Sources */ = {isa = PBXBuildFile; fileRef = 1FB236D71E9F71DD00B9864D /* HotSearchModel.m */; };
		7685952C1BFCA9F3E59FAA9A /* Pods_FJFilterMenuDemo.framework in Frameworks */ = {isa = PBXBuildFile; fileRef = 4114E00D283ED943945227CD /* Pods_FJFilterMenuDemo.framework */; };
/* End PBXBuildFile section */

/* Begin PBXFileReference section */
		1F4A2D591E9779DC0033B5D8 /* FJFilterMenuDemo.app */ = {isa = PBXFileReference; explicitFileType = wrapper.application; includeInIndex = 0; path = FJFilterMenuDemo.app; sourceTree = BUILT_PRODUCTS_DIR; };
		1F4A2D5D1E9779DC0033B5D8 /* main.m */ = {isa = PBXFileReference; lastKnownFileType = sourcecode.c.objc; path = main.m; sourceTree = "<group>"; };
		1F4A2D5F1E9779DC0033B5D8 /* AppDelegate.h */ = {isa = PBXFileReference; lastKnownFileType = sourcecode.c.h; path = AppDelegate.h; sourceTree = "<group>"; };
		1F4A2D601E9779DC0033B5D8 /* AppDelegate.m */ = {isa = PBXFileReference; lastKnownFileType = sourcecode.c.objc; path = AppDelegate.m; sourceTree = "<group>"; };
		1F4A2D621E9779DC0033B5D8 /* ViewController.h */ = {isa = PBXFileReference; lastKnownFileType = sourcecode.c.h; path = ViewController.h; sourceTree = "<group>"; };
		1F4A2D631E9779DC0033B5D8 /* ViewController.m */ = {isa = PBXFileReference; lastKnownFileType = sourcecode.c.objc; path = ViewController.m; sourceTree = "<group>"; };
		1F4A2D661E9779DC0033B5D8 /* Base */ = {isa = PBXFileReference; lastKnownFileType = file.storyboard; name = Base; path = Base.lproj/Main.storyboard; sourceTree = "<group>"; };
		1F4A2D681E9779DC0033B5D8 /* Assets.xcassets */ = {isa = PBXFileReference; lastKnownFileType = folder.assetcatalog; path = Assets.xcassets; sourceTree = "<group>"; };
		1F4A2D6B1E9779DC0033B5D8 /* Base */ = {isa = PBXFileReference; lastKnownFileType = file.storyboard; name = Base; path = Base.lproj/LaunchScreen.storyboard; sourceTree = "<group>"; };
		1F4A2D6D1E9779DC0033B5D8 /* Info.plist */ = {isa = PBXFileReference; lastKnownFileType = text.plist.xml; path = Info.plist; sourceTree = "<group>"; };
		1F4A2D7F1E977E5D0033B5D8 /* SearchResultViewController.h */ = {isa = PBXFileReference; fileEncoding = 4; lastKnownFileType = sourcecode.c.h; path = SearchResultViewController.h; sourceTree = "<group>"; };
		1F4A2D801E977E5D0033B5D8 /* SearchResultViewController.m */ = {isa = PBXFileReference; fileEncoding = 4; lastKnownFileType = sourcecode.c.objc; path = SearchResultViewController.m; sourceTree = "<group>"; };
		1F4A2D821E977FA00033B5D8 /* SearchRootViewController.h */ = {isa = PBXFileReference; fileEncoding = 4; lastKnownFileType = sourcecode.c.h; path = SearchRootViewController.h; sourceTree = "<group>"; };
		1F4A2D831E977FA00033B5D8 /* SearchRootViewController.m */ = {isa = PBXFileReference; fileEncoding = 4; lastKnownFileType = sourcecode.c.objc; path = SearchRootViewController.m; sourceTree = "<group>"; };
		1F4A2D851E979A660033B5D8 /* HomeViewController.h */ = {isa = PBXFileReference; fileEncoding = 4; lastKnownFileType = sourcecode.c.h; path = HomeViewController.h; sourceTree = "<group>"; };
		1F4A2D861E979A660033B5D8 /* HomeViewController.m */ = {isa = PBXFileReference; fileEncoding = 4; lastKnownFileType = sourcecode.c.objc; path = HomeViewController.m; sourceTree = "<group>"; };
		1F4A2D881E979DB00033B5D8 /* SearchHistoryView.h */ = {isa = PBXFileReference; fileEncoding = 4; lastKnownFileType = sourcecode.c.h; path = SearchHistoryView.h; sourceTree = "<group>"; };
		1F4A2D891E979DB00033B5D8 /* SearchHistoryView.m */ = {isa = PBXFileReference; fileEncoding = 4; lastKnownFileType = sourcecode.c.objc; path = SearchHistoryView.m; sourceTree = "<group>"; };
		1F4A2D8C1E97B8A40033B5D8 /* FJTagCollectionView.h */ = {isa = PBXFileReference; fileEncoding = 4; lastKnownFileType = sourcecode.c.h; path = FJTagCollectionView.h; sourceTree = "<group>"; };
		1F4A2D8D1E97B8A40033B5D8 /* FJTagCollectionView.m */ = {isa = PBXFileReference; fileEncoding = 4; lastKnownFileType = sourcecode.c.objc; path = FJTagCollectionView.m; sourceTree = "<group>"; };
		1F58A6EE1E9B1EE800ADAD31 /* FJTagConfig.h */ = {isa = PBXFileReference; fileEncoding = 4; lastKnownFileType = sourcecode.c.h; path = FJTagConfig.h; sourceTree = "<group>"; };
		1F58A6EF1E9B1EE800ADAD31 /* FJTagConfig.m */ = {isa = PBXFileReference; fileEncoding = 4; lastKnownFileType = sourcecode.c.objc; path = FJTagConfig.m; sourceTree = "<group>"; };
		1F58A6F11E9B3E2800ADAD31 /* FJTextButton.h */ = {isa = PBXFileReference; fileEncoding = 4; lastKnownFileType = sourcecode.c.h; path = FJTextButton.h; sourceTree = "<group>"; };
		1F58A6F21E9B3E2800ADAD31 /* FJTextButton.m */ = {isa = PBXFileReference; fileEncoding = 4; lastKnownFileType = sourcecode.c.objc; path = FJTextButton.m; sourceTree = "<group>"; };
		1F58A6F91E9B616400ADAD31 /* SearchHistoryCell.h */ = {isa = PBXFileReference; fileEncoding = 4; lastKnownFileType = sourcecode.c.h; path = SearchHistoryCell.h; sourceTree = "<group>"; };
		1F58A6FA1E9B616400ADAD31 /* SearchHistoryCell.m */ = {isa = PBXFileReference; fileEncoding = 4; lastKnownFileType = sourcecode.c.objc; path = SearchHistoryCell.m; sourceTree = "<group>"; };
		1F58A6FB1E9B616400ADAD31 /* SearchHistoryCell.xib */ = {isa = PBXFileReference; fileEncoding = 4; lastKnownFileType = file.xib; path = SearchHistoryCell.xib; sourceTree = "<group>"; };
		1F58A6FE1E9B884B00ADAD31 /* SearchBaseViewController.h */ = {isa = PBXFileReference; fileEncoding = 4; lastKnownFileType = sourcecode.c.h; path = SearchBaseViewController.h; sourceTree = "<group>"; };
		1F58A6FF1E9B884B00ADAD31 /* SearchBaseViewController.m */ = {isa = PBXFileReference; fileEncoding = 4; lastKnownFileType = sourcecode.c.objc; path = SearchBaseViewController.m; sourceTree = "<group>"; };
		1F58A7041E9B972100ADAD31 /* SearchAutomatedCell.h */ = {isa = PBXFileReference; fileEncoding = 4; lastKnownFileType = sourcecode.c.h; path = SearchAutomatedCell.h; sourceTree = "<group>"; };
		1F58A7051E9B972100ADAD31 /* SearchAutomatedCell.m */ = {isa = PBXFileReference; fileEncoding = 4; lastKnownFileType = sourcecode.c.objc; path = SearchAutomatedCell.m; sourceTree = "<group>"; };
		1F58A7061E9B972100ADAD31 /* SearchAutomatedCell.xib */ = {isa = PBXFileReference; fileEncoding = 4; lastKnownFileType = file.xib; path = SearchAutomatedCell.xib; sourceTree = "<group>"; };
		1F58A7091E9B987D00ADAD31 /* SearchAutomatedView.h */ = {isa = PBXFileReference; fileEncoding = 4; lastKnownFileType = sourcecode.c.h; path = SearchAutomatedView.h; sourceTree = "<group>"; };
		1F58A70A1E9B987D00ADAD31 /* SearchAutomatedView.m */ = {isa = PBXFileReference; fileEncoding = 4; lastKnownFileType = sourcecode.c.objc; path = SearchAutomatedView.m; sourceTree = "<group>"; };
		1F76B1331E9DD2E900C88034 /* ProductViewController.h */ = {isa = PBXFileReference; fileEncoding = 4; lastKnownFileType = sourcecode.c.h; path = ProductViewController.h; sourceTree = "<group>"; };
		1F76B1341E9DD2E900C88034 /* ProductViewController.m */ = {isa = PBXFileReference; fileEncoding = 4; lastKnownFileType = sourcecode.c.objc; path = ProductViewController.m; sourceTree = "<group>"; };
		1F76B1361E9DDA3E00C88034 /* SearchFilterCategoryView.h */ = {isa = PBXFileReference; fileEncoding = 4; lastKnownFileType = sourcecode.c.h; path = SearchFilterCategoryView.h; sourceTree = "<group>"; };
		1F76B1371E9DDA3E00C88034 /* SearchFilterCategoryView.m */ = {isa = PBXFileReference; fileEncoding = 4; lastKnownFileType = sourcecode.c.objc; path = SearchFilterCategoryView.m; sourceTree = "<group>"; };
		1F76B1391E9DF95700C88034 /* FilterGroupHeaderView.h */ = {isa = PBXFileReference; fileEncoding = 4; lastKnownFileType = sourcecode.c.h; path = FilterGroupHeaderView.h; sourceTree = "<group>"; };
		1F76B13A1E9DF95700C88034 /* FilterGroupHeaderView.m */ = {isa = PBXFileReference; fileEncoding = 4; lastKnownFileType = sourcecode.c.objc; path = FilterGroupHeaderView.m; sourceTree = "<group>"; };
		1F76B13C1E9DF96500C88034 /* FilterGroupHeaderView.xib */ = {isa = PBXFileReference; fileEncoding = 4; lastKnownFileType = file.xib; path = FilterGroupHeaderView.xib; sourceTree = "<group>"; };
		1F76B13E1E9DFB3400C88034 /* FilterGroupCell.h */ = {isa = PBXFileReference; fileEncoding = 4; lastKnownFileType = sourcecode.c.h; path = FilterGroupCell.h; sourceTree = "<group>"; };
		1F76B13F1E9DFB3400C88034 /* FilterGroupCell.m */ = {isa = PBXFileReference; fileEncoding = 4; lastKnownFileType = sourcecode.c.objc; path = FilterGroupCell.m; sourceTree = "<group>"; };
		1F76B1401E9DFB3400C88034 /* FilterGroupCell.xib */ = {isa = PBXFileReference; fileEncoding = 4; lastKnownFileType = file.xib; path = FilterGroupCell.xib; sourceTree = "<group>"; };
		1F76B1431E9E01AE00C88034 /* category.json */ = {isa = PBXFileReference; fileEncoding = 4; lastKnownFileType = text.json; path = category.json; sourceTree = "<group>"; };
		1F76B14E1E9E0D0000C88034 /* ProductSearchResponse.h */ = {isa = PBXFileReference; fileEncoding = 4; lastKnownFileType = sourcecode.c.h; path = ProductSearchResponse.h; sourceTree = "<group>"; };
		1F76B14F1E9E0D0000C88034 /* ProductSearchResponse.m */ = {isa = PBXFileReference; fileEncoding = 4; lastKnownFileType = sourcecode.c.objc; path = ProductSearchResponse.m; sourceTree = "<group>"; };
		1F76B1511E9E0D4B00C88034 /* GoodsBase.h */ = {isa = PBXFileReference; fileEncoding = 4; lastKnownFileType = sourcecode.c.h; path = GoodsBase.h; sourceTree = "<group>"; };
		1F76B1521E9E0D4B00C88034 /* GoodsBase.m */ = {isa = PBXFileReference; fileEncoding = 4; lastKnownFileType = sourcecode.c.objc; path = GoodsBase.m; sourceTree = "<group>"; };
		1F76B1541E9E0DB300C88034 /* PageModel.h */ = {isa = PBXFileReference; fileEncoding = 4; lastKnownFileType = sourcecode.c.h; path = PageModel.h; sourceTree = "<group>"; };
		1F76B1551E9E0DB300C88034 /* PageModel.m */ = {isa = PBXFileReference; fileEncoding = 4; lastKnownFileType = sourcecode.c.objc; path = PageModel.m; sourceTree = "<group>"; };
		1F76B1571E9E0E3800C88034 /* MyModel.h */ = {isa = PBXFileReference; fileEncoding = 4; lastKnownFileType = sourcecode.c.h; path = MyModel.h; sourceTree = "<group>"; };
		1F76B1581E9E0E3800C88034 /* MyModel.m */ = {isa = PBXFileReference; fileEncoding = 4; lastKnownFileType = sourcecode.c.objc; path = MyModel.m; sourceTree = "<group>"; };
		1F76B15A1E9E1E7300C88034 /* NSArray+JSONModel.h */ = {isa = PBXFileReference; fileEncoding = 4; lastKnownFileType = sourcecode.c.h; path = "NSArray+JSONModel.h"; sourceTree = "<group>"; };
		1F76B15B1E9E1E7300C88034 /* NSArray+JSONModel.m */ = {isa = PBXFileReference; fileEncoding = 4; lastKnownFileType = sourcecode.c.objc; path = "NSArray+JSONModel.m"; sourceTree = "<group>"; };
		1F9CCCFB1E9C68E4005570AE /* SearchNavBarButton.h */ = {isa = PBXFileReference; fileEncoding = 4; lastKnownFileType = sourcecode.c.h; path = SearchNavBarButton.h; sourceTree = "<group>"; };
		1F9CCCFC1E9C68E4005570AE /* SearchNavBarButton.m */ = {isa = PBXFileReference; fileEncoding = 4; lastKnownFileType = sourcecode.c.objc; path = SearchNavBarButton.m; sourceTree = "<group>"; };
		1F9CCCFE1E9C703C005570AE /* MessageViewController.h */ = {isa = PBXFileReference; fileEncoding = 4; lastKnownFileType = sourcecode.c.h; path = MessageViewController.h; sourceTree = "<group>"; };
		1F9CCCFF1E9C703C005570AE /* MessageViewController.m */ = {isa = PBXFileReference; fileEncoding = 4; lastKnownFileType = sourcecode.c.objc; path = MessageViewController.m; sourceTree = "<group>"; };
		1F9CCD011E9C854C005570AE /* ProductSearchBar.h */ = {isa = PBXFileReference; fileEncoding = 4; lastKnownFileType = sourcecode.c.h; path = ProductSearchBar.h; sourceTree = "<group>"; };
		1F9CCD021E9C854C005570AE /* ProductSearchBar.m */ = {isa = PBXFileReference; fileEncoding = 4; lastKnownFileType = sourcecode.c.objc; path = ProductSearchBar.m; sourceTree = "<group>"; };
		1F9CCD031E9C854C005570AE /* ProductSearchBar.xib */ = {isa = PBXFileReference; fileEncoding = 4; lastKnownFileType = file.xib; path = ProductSearchBar.xib; sourceTree = "<group>"; };
		1F9CCD061E9CA8B6005570AE /* SearchTuneBarView.h */ = {isa = PBXFileReference; fileEncoding = 4; lastKnownFileType = sourcecode.c.h; path = SearchTuneBarView.h; sourceTree = "<group>"; };
		1F9CCD071E9CA8B6005570AE /* SearchTuneBarView.m */ = {isa = PBXFileReference; fileEncoding = 4; lastKnownFileType = sourcecode.c.objc; path = SearchTuneBarView.m; sourceTree = "<group>"; };
		1F9CCD081E9CA8B6005570AE /* SearchTuneBarView.xib */ = {isa = PBXFileReference; fileEncoding = 4; lastKnownFileType = file.xib; path = SearchTuneBarView.xib; sourceTree = "<group>"; };
		1F9CCD0B1E9CA9CC005570AE /* SearchTuneBar.h */ = {isa = PBXFileReference; fileEncoding = 4; lastKnownFileType = sourcecode.c.h; path = SearchTuneBar.h; sourceTree = "<group>"; };
		1F9CCD0C1E9CA9CC005570AE /* SearchTuneBar.m */ = {isa = PBXFileReference; fileEncoding = 4; lastKnownFileType = sourcecode.c.objc; path = SearchTuneBar.m; sourceTree = "<group>"; };
		1F9CCD0D1E9CA9CC005570AE /* SearchTuneBar.xib */ = {isa = PBXFileReference; fileEncoding = 4; lastKnownFileType = file.xib; path = SearchTuneBar.xib; sourceTree = "<group>"; };
		1F9CCD131E9CAB88005570AE /* FilterSelectModel.h */ = {isa = PBXFileReference; fileEncoding = 4; lastKnownFileType = sourcecode.c.h; path = FilterSelectModel.h; sourceTree = "<group>"; };
		1F9CCD141E9CAB88005570AE /* FilterSelectModel.m */ = {isa = PBXFileReference; fileEncoding = 4; lastKnownFileType = sourcecode.c.objc; path = FilterSelectModel.m; sourceTree = "<group>"; };
		1F9CCD161E9CAC87005570AE /* FilterTagButton.h */ = {isa = PBXFileReference; fileEncoding = 4; lastKnownFileType = sourcecode.c.h; path = FilterTagButton.h; sourceTree = "<group>"; };
		1F9CCD171E9CAC87005570AE /* FilterTagButton.m */ = {isa = PBXFileReference; fileEncoding = 4; lastKnownFileType = sourcecode.c.objc; path = FilterTagButton.m; sourceTree = "<group>"; };
		1F9CCD211E9CBB82005570AE /* ProductCollectionViewCell.h */ = {isa = PBXFileReference; fileEncoding = 4; lastKnownFileType = sourcecode.c.h; path = ProductCollectionViewCell.h; sourceTree = "<group>"; };
		1F9CCD221E9CBB82005570AE /* ProductCollectionViewCell.m */ = {isa = PBXFileReference; fileEncoding = 4; lastKnownFileType = sourcecode.c.objc; path = ProductCollectionViewCell.m; sourceTree = "<group>"; };
		1F9CCD231E9CBB82005570AE /* ProductCollectionViewCell.xib */ = {isa = PBXFileReference; fileEncoding = 4; lastKnownFileType = file.xib; path = ProductCollectionViewCell.xib; sourceTree = "<group>"; };
		1F9CCD261E9CC4F7005570AE /* QueryModel.h */ = {isa = PBXFileReference; fileEncoding = 4; lastKnownFileType = sourcecode.c.h; path = QueryModel.h; sourceTree = "<group>"; };
		1F9CCD271E9CC4F7005570AE /* QueryModel.m */ = {isa = PBXFileReference; fileEncoding = 4; lastKnownFileType = sourcecode.c.objc; path = QueryModel.m; sourceTree = "<group>"; };
		1F9CCD291E9CD732005570AE /* FJCollectionView+FJRefresh.h */ = {isa = PBXFileReference; fileEncoding = 4; lastKnownFileType = sourcecode.c.h; path = "FJCollectionView+FJRefresh.h"; sourceTree = "<group>"; };
		1F9CCD2A1E9CD732005570AE /* FJCollectionView+FJRefresh.m */ = {isa = PBXFileReference; fileEncoding = 4; lastKnownFileType = sourcecode.c.objc; path = "FJCollectionView+FJRefresh.m"; sourceTree = "<group>"; };
		1F9CCD2C1E9CE5ED005570AE /* SearchFilterView.h */ = {isa = PBXFileReference; fileEncoding = 4; lastKnownFileType = sourcecode.c.h; path = SearchFilterView.h; sourceTree = "<group>"; };
		1F9CCD2D1E9CE5ED005570AE /* SearchFilterView.m */ = {isa = PBXFileReference; fileEncoding = 4; lastKnownFileType = sourcecode.c.objc; path = SearchFilterView.m; sourceTree = "<group>"; };
		1F9CCD2F1E9D02FE005570AE /* demo.pch */ = {isa = PBXFileReference; lastKnownFileType = sourcecode.c.h; path = demo.pch; sourceTree = "<group>"; };
		1FB236B41E9F0BEB00B9864D /* FilterTagButton.xib */ = {isa = PBXFileReference; fileEncoding = 4; lastKnownFileType = file.xib; path = FilterTagButton.xib; sourceTree = "<group>"; };
		1FB236B61E9F111B00B9864D /* FilterTuningBrandCell.h */ = {isa = PBXFileReference; fileEncoding = 4; lastKnownFileType = sourcecode.c.h; path = FilterTuningBrandCell.h; sourceTree = "<group>"; };
		1FB236B71E9F111B00B9864D /* FilterTuningBrandCell.m */ = {isa = PBXFileReference; fileEncoding = 4; lastKnownFileType = sourcecode.c.objc; path = FilterTuningBrandCell.m; sourceTree = "<group>"; };
		1FB236B81E9F111B00B9864D /* FilterTuningBrandCell.xib */ = {isa = PBXFileReference; fileEncoding = 4; lastKnownFileType = file.xib; path = FilterTuningBrandCell.xib; sourceTree = "<group>"; };
		1FB236BB1E9F114700B9864D /* FilterPriceCell.h */ = {isa = PBXFileReference; fileEncoding = 4; lastKnownFileType = sourcecode.c.h; path = FilterPriceCell.h; sourceTree = "<group>"; };
		1FB236BC1E9F114700B9864D /* FilterPriceCell.m */ = {isa = PBXFileReference; fileEncoding = 4; lastKnownFileType = sourcecode.c.objc; path = FilterPriceCell.m; sourceTree = "<group>"; };
		1FB236BD1E9F114700B9864D /* FilterPriceCell.xib */ = {isa = PBXFileReference; fileEncoding = 4; lastKnownFileType = file.xib; path = FilterPriceCell.xib; sourceTree = "<group>"; };
		1FB236C01E9F116400B9864D /* FilterCustomPriceCell.h */ = {isa = PBXFileReference; fileEncoding = 4; lastKnownFileType = sourcecode.c.h; path = FilterCustomPriceCell.h; sourceTree = "<group>"; };
		1FB236C11E9F116400B9864D /* FilterCustomPriceCell.m */ = {isa = PBXFileReference; fileEncoding = 4; lastKnownFileType = sourcecode.c.objc; path = FilterCustomPriceCell.m; sourceTree = "<group>"; };
		1FB236C21E9F116400B9864D /* FilterCustomPriceCell.xib */ = {isa = PBXFileReference; fileEncoding = 4; lastKnownFileType = file.xib; path = FilterCustomPriceCell.xib; sourceTree = "<group>"; };
		1FB236C51E9F13B000B9864D /* FilterTuningSellerCell.h */ = {isa = PBXFileReference; fileEncoding = 4; lastKnownFileType = sourcecode.c.h; path = FilterTuningSellerCell.h; sourceTree = "<group>"; };
		1FB236C61E9F13B000B9864D /* FilterTuningSellerCell.m */ = {isa = PBXFileReference; fileEncoding = 4; lastKnownFileType = sourcecode.c.objc; path = FilterTuningSellerCell.m; sourceTree = "<group>"; };
		1FB236C71E9F13B000B9864D /* FilterTuningSellerCell.xib */ = {isa = PBXFileReference; fileEncoding = 4; lastKnownFileType = file.xib; path = FilterTuningSellerCell.xib; sourceTree = "<group>"; };
		1FB236CA1E9F64D700B9864D /* FJTagModel.h */ = {isa = PBXFileReference; fileEncoding = 4; lastKnownFileType = sourcecode.c.h; path = FJTagModel.h; sourceTree = "<group>"; };
		1FB236CB1E9F64D700B9864D /* FJTagModel.m */ = {isa = PBXFileReference; fileEncoding = 4; lastKnownFileType = sourcecode.c.objc; path = FJTagModel.m; sourceTree = "<group>"; };
		1FB236CD1E9F651600B9864D /* NSArray+FJTagModel.h */ = {isa = PBXFileReference; fileEncoding = 4; lastKnownFileType = sourcecode.c.h; path = "NSArray+FJTagModel.h"; sourceTree = "<group>"; };
		1FB236CE1E9F651600B9864D /* NSArray+FJTagModel.m */ = {isa = PBXFileReference; fileEncoding = 4; lastKnownFileType = sourcecode.c.objc; path = "NSArray+FJTagModel.m"; sourceTree = "<group>"; };
		1FB236D01E9F6F2800B9864D /* RecentSearchModel.h */ = {isa = PBXFileReference; fileEncoding = 4; lastKnownFileType = sourcecode.c.h; path = RecentSearchModel.h; sourceTree = "<group>"; };
		1FB236D11E9F6F2800B9864D /* RecentSearchModel.m */ = {isa = PBXFileReference; fileEncoding = 4; lastKnownFileType = sourcecode.c.objc; path = RecentSearchModel.m; sourceTree = "<group>"; };
		1FB236D61E9F71DD00B9864D /* HotSearchModel.h */ = {isa = PBXFileReference; fileEncoding = 4; lastKnownFileType = sourcecode.c.h; path = HotSearchModel.h; sourceTree = "<group>"; };
		1FB236D71E9F71DD00B9864D /* HotSearchModel.m */ = {isa = PBXFileReference; fileEncoding = 4; lastKnownFileType = sourcecode.c.objc; path = HotSearchModel.m; sourceTree = "<group>"; };
		3ECF6E6F3CE286C1918E99FD /* Pods-FJFilterMenuDemo.debug.xcconfig */ = {isa = PBXFileReference; includeInIndex = 1; lastKnownFileType = text.xcconfig; name = "Pods-FJFilterMenuDemo.debug.xcconfig"; path = "Pods/Target Support Files/Pods-FJFilterMenuDemo/Pods-FJFilterMenuDemo.debug.xcconfig"; sourceTree = "<group>"; };
		4114E00D283ED943945227CD /* Pods_FJFilterMenuDemo.framework */ = {isa = PBXFileReference; explicitFileType = wrapper.framework; includeInIndex = 0; path = Pods_FJFilterMenuDemo.framework; sourceTree = BUILT_PRODUCTS_DIR; };
		59B3644BD29DF81250B09BEA /* Pods-FJFilterMenuDemo.release.xcconfig */ = {isa = PBXFileReference; includeInIndex = 1; lastKnownFileType = text.xcconfig; name = "Pods-FJFilterMenuDemo.release.xcconfig"; path = "Pods/Target Support Files/Pods-FJFilterMenuDemo/Pods-FJFilterMenuDemo.release.xcconfig"; sourceTree = "<group>"; };
/* End PBXFileReference section */

/* Begin PBXFrameworksBuildPhase section */
		1F4A2D561E9779DC0033B5D8 /* Frameworks */ = {
			isa = PBXFrameworksBuildPhase;
			buildActionMask = 2147483647;
			files = (
				7685952C1BFCA9F3E59FAA9A /* Pods_FJFilterMenuDemo.framework in Frameworks */,
			);
			runOnlyForDeploymentPostprocessing = 0;
		};
/* End PBXFrameworksBuildPhase section */

/* Begin PBXGroup section */
		1F4A2D501E9779DC0033B5D8 = {
			isa = PBXGroup;
			children = (
				1F4A2D5B1E9779DC0033B5D8 /* FJFilterMenuDemo */,
				1F4A2D5A1E9779DC0033B5D8 /* Products */,
				9C4F459359C14094FA9292A1 /* Pods */,
				4DE109C1854901DA6AEFD1C4 /* Frameworks */,
			);
			sourceTree = "<group>";
		};
		1F4A2D5A1E9779DC0033B5D8 /* Products */ = {
			isa = PBXGroup;
			children = (
				1F4A2D591E9779DC0033B5D8 /* FJFilterMenuDemo.app */,
			);
			name = Products;
			sourceTree = "<group>";
		};
		1F4A2D5B1E9779DC0033B5D8 /* FJFilterMenuDemo */ = {
			isa = PBXGroup;
			children = (
				1F58A6F41E9B5B6A00ADAD31 /* Resources */,
				1F4A2D8B1E97B87B0033B5D8 /* FJTagCollectionView */,
				1F4A2D731E977A1A0033B5D8 /* Classes */,
				1F4A2D5F1E9779DC0033B5D8 /* AppDelegate.h */,
				1F4A2D601E9779DC0033B5D8 /* AppDelegate.m */,
				1F4A2D621E9779DC0033B5D8 /* ViewController.h */,
				1F4A2D631E9779DC0033B5D8 /* ViewController.m */,
				1F4A2D651E9779DC0033B5D8 /* Main.storyboard */,
				1F4A2D681E9779DC0033B5D8 /* Assets.xcassets */,
				1F4A2D6A1E9779DC0033B5D8 /* LaunchScreen.storyboard */,
				1F4A2D6D1E9779DC0033B5D8 /* Info.plist */,
				1F4A2D5C1E9779DC0033B5D8 /* Supporting Files */,
				1F9CCD2F1E9D02FE005570AE /* demo.pch */,
			);
			path = FJFilterMenuDemo;
			sourceTree = "<group>";
		};
		1F4A2D5C1E9779DC0033B5D8 /* Supporting Files */ = {
			isa = PBXGroup;
			children = (
				1F4A2D5D1E9779DC0033B5D8 /* main.m */,
			);
			name = "Supporting Files";
			sourceTree = "<group>";
		};
		1F4A2D731E977A1A0033B5D8 /* Classes */ = {
			isa = PBXGroup;
			children = (
				1F76B14D1E9E0CE700C88034 /* Model */,
				1F76B1451E9E0BB600C88034 /* SearchBase */,
				1F76B14B1E9E0C8300C88034 /* SearchHistory */,
				1F76B1481E9E0C3100C88034 /* SearchResult */,
				1F76B14C1E9E0CC400C88034 /* SearchFilter */,
				1F76B14A1E9E0C5E00C88034 /* Helper */,
				1F76B1491E9E0C4A00C88034 /* Message */,
				1F76B1471E9E0C1F00C88034 /* Product */,
				1F76B1461E9E0BD700C88034 /* TestHome */,
			);
			path = Classes;
			sourceTree = "<group>";
		};
		1F4A2D8B1E97B87B0033B5D8 /* FJTagCollectionView */ = {
			isa = PBXGroup;
			children = (
				1F4A2D8C1E97B8A40033B5D8 /* FJTagCollectionView.h */,
				1F4A2D8D1E97B8A40033B5D8 /* FJTagCollectionView.m */,
				1F58A6F11E9B3E2800ADAD31 /* FJTextButton.h */,
				1F58A6F21E9B3E2800ADAD31 /* FJTextButton.m */,
				1F58A6EE1E9B1EE800ADAD31 /* FJTagConfig.h */,
				1F58A6EF1E9B1EE800ADAD31 /* FJTagConfig.m */,
				1FB236CA1E9F64D700B9864D /* FJTagModel.h */,
				1FB236CB1E9F64D700B9864D /* FJTagModel.m */,
				1FB236CD1E9F651600B9864D /* NSArray+FJTagModel.h */,
				1FB236CE1E9F651600B9864D /* NSArray+FJTagModel.m */,
			);
			path = FJTagCollectionView;
			sourceTree = "<group>";
		};
		1F58A6F41E9B5B6A00ADAD31 /* Resources */ = {
			isa = PBXGroup;
			children = (
				1F76B1431E9E01AE00C88034 /* category.json */,
			);
			path = Resources;
			sourceTree = "<group>";
		};
		1F76B1451E9E0BB600C88034 /* SearchBase */ = {
			isa = PBXGroup;
			children = (
				1F58A6FE1E9B884B00ADAD31 /* SearchBaseViewController.h */,
				1F58A6FF1E9B884B00ADAD31 /* SearchBaseViewController.m */,
				1F9CCCFB1E9C68E4005570AE /* SearchNavBarButton.h */,
				1F9CCCFC1E9C68E4005570AE /* SearchNavBarButton.m */,
			);
			name = SearchBase;
			sourceTree = "<group>";
		};
		1F76B1461E9E0BD700C88034 /* TestHome */ = {
			isa = PBXGroup;
			children = (
				1F4A2D851E979A660033B5D8 /* HomeViewController.h */,
				1F4A2D861E979A660033B5D8 /* HomeViewController.m */,
				1F4A2D821E977FA00033B5D8 /* SearchRootViewController.h */,
				1F4A2D831E977FA00033B5D8 /* SearchRootViewController.m */,
			);
			name = TestHome;
			sourceTree = "<group>";
		};
		1F76B1471E9E0C1F00C88034 /* Product */ = {
			isa = PBXGroup;
			children = (
				1F76B1331E9DD2E900C88034 /* ProductViewController.h */,
				1F76B1341E9DD2E900C88034 /* ProductViewController.m */,
			);
			name = Product;
			sourceTree = "<group>";
		};
		1F76B1481E9E0C3100C88034 /* SearchResult */ = {
			isa = PBXGroup;
			children = (
				1F4A2D7F1E977E5D0033B5D8 /* SearchResultViewController.h */,
				1F4A2D801E977E5D0033B5D8 /* SearchResultViewController.m */,
				1F9CCD211E9CBB82005570AE /* ProductCollectionViewCell.h */,
				1F9CCD221E9CBB82005570AE /* ProductCollectionViewCell.m */,
				1F9CCD231E9CBB82005570AE /* ProductCollectionViewCell.xib */,
				1F9CCD011E9C854C005570AE /* ProductSearchBar.h */,
				1F9CCD021E9C854C005570AE /* ProductSearchBar.m */,
				1F9CCD031E9C854C005570AE /* ProductSearchBar.xib */,
				1F9CCD0B1E9CA9CC005570AE /* SearchTuneBar.h */,
				1F9CCD0C1E9CA9CC005570AE /* SearchTuneBar.m */,
				1F9CCD0D1E9CA9CC005570AE /* SearchTuneBar.xib */,
				1F9CCD061E9CA8B6005570AE /* SearchTuneBarView.h */,
				1F9CCD071E9CA8B6005570AE /* SearchTuneBarView.m */,
				1F9CCD081E9CA8B6005570AE /* SearchTuneBarView.xib */,
				1F9CCD161E9CAC87005570AE /* FilterTagButton.h */,
				1F9CCD171E9CAC87005570AE /* FilterTagButton.m */,
				1FB236B41E9F0BEB00B9864D /* FilterTagButton.xib */,
			);
			name = SearchResult;
			sourceTree = "<group>";
		};
		1F76B1491E9E0C4A00C88034 /* Message */ = {
			isa = PBXGroup;
			children = (
				1F9CCCFE1E9C703C005570AE /* MessageViewController.h */,
				1F9CCCFF1E9C703C005570AE /* MessageViewController.m */,
			);
			name = Message;
			sourceTree = "<group>";
		};
		1F76B14A1E9E0C5E00C88034 /* Helper */ = {
			isa = PBXGroup;
			children = (
				1F9CCD291E9CD732005570AE /* FJCollectionView+FJRefresh.h */,
				1F9CCD2A1E9CD732005570AE /* FJCollectionView+FJRefresh.m */,
			);
			name = Helper;
			sourceTree = "<group>";
		};
		1F76B14B1E9E0C8300C88034 /* SearchHistory */ = {
			isa = PBXGroup;
			children = (
				1F4A2D881E979DB00033B5D8 /* SearchHistoryView.h */,
				1F4A2D891E979DB00033B5D8 /* SearchHistoryView.m */,
				1F58A6F91E9B616400ADAD31 /* SearchHistoryCell.h */,
				1F58A6FA1E9B616400ADAD31 /* SearchHistoryCell.m */,
				1F58A6FB1E9B616400ADAD31 /* SearchHistoryCell.xib */,
				1F58A7091E9B987D00ADAD31 /* SearchAutomatedView.h */,
				1F58A70A1E9B987D00ADAD31 /* SearchAutomatedView.m */,
				1F58A7041E9B972100ADAD31 /* SearchAutomatedCell.h */,
				1F58A7051E9B972100ADAD31 /* SearchAutomatedCell.m */,
				1F58A7061E9B972100ADAD31 /* SearchAutomatedCell.xib */,
			);
			name = SearchHistory;
			sourceTree = "<group>";
		};
		1F76B14C1E9E0CC400C88034 /* SearchFilter */ = {
			isa = PBXGroup;
			children = (
				1F9CCD2C1E9CE5ED005570AE /* SearchFilterView.h */,
				1F9CCD2D1E9CE5ED005570AE /* SearchFilterView.m */,
				1F76B1361E9DDA3E00C88034 /* SearchFilterCategoryView.h */,
				1F76B1371E9DDA3E00C88034 /* SearchFilterCategoryView.m */,
				1F76B1391E9DF95700C88034 /* FilterGroupHeaderView.h */,
				1F76B13A1E9DF95700C88034 /* FilterGroupHeaderView.m */,
				1F76B13C1E9DF96500C88034 /* FilterGroupHeaderView.xib */,
				1F76B13E1E9DFB3400C88034 /* FilterGroupCell.h */,
				1F76B13F1E9DFB3400C88034 /* FilterGroupCell.m */,
				1F76B1401E9DFB3400C88034 /* FilterGroupCell.xib */,
				1FB236B61E9F111B00B9864D /* FilterTuningBrandCell.h */,
				1FB236B71E9F111B00B9864D /* FilterTuningBrandCell.m */,
				1FB236B81E9F111B00B9864D /* FilterTuningBrandCell.xib */,
				1FB236C51E9F13B000B9864D /* FilterTuningSellerCell.h */,
				1FB236C61E9F13B000B9864D /* FilterTuningSellerCell.m */,
				1FB236C71E9F13B000B9864D /* FilterTuningSellerCell.xib */,
				1FB236BB1E9F114700B9864D /* FilterPriceCell.h */,
				1FB236BC1E9F114700B9864D /* FilterPriceCell.m */,
				1FB236BD1E9F114700B9864D /* FilterPriceCell.xib */,
				1FB236C01E9F116400B9864D /* FilterCustomPriceCell.h */,
				1FB236C11E9F116400B9864D /* FilterCustomPriceCell.m */,
				1FB236C21E9F116400B9864D /* FilterCustomPriceCell.xib */,
				1F76B15A1E9E1E7300C88034 /* NSArray+JSONModel.h */,
				1F76B15B1E9E1E7300C88034 /* NSArray+JSONModel.m */,
			);
			name = SearchFilter;
			sourceTree = "<group>";
		};
		1F76B14D1E9E0CE700C88034 /* Model */ = {
			isa = PBXGroup;
			children = (
				1FB236D61E9F71DD00B9864D /* HotSearchModel.h */,
				1FB236D71E9F71DD00B9864D /* HotSearchModel.m */,
				1FB236D01E9F6F2800B9864D /* RecentSearchModel.h */,
				1FB236D11E9F6F2800B9864D /* RecentSearchModel.m */,
				1F9CCD131E9CAB88005570AE /* FilterSelectModel.h */,
				1F9CCD141E9CAB88005570AE /* FilterSelectModel.m */,
				1F9CCD261E9CC4F7005570AE /* QueryModel.h */,
				1F9CCD271E9CC4F7005570AE /* QueryModel.m */,
				1F76B14E1E9E0D0000C88034 /* ProductSearchResponse.h */,
				1F76B14F1E9E0D0000C88034 /* ProductSearchResponse.m */,
				1F76B1511E9E0D4B00C88034 /* GoodsBase.h */,
				1F76B1521E9E0D4B00C88034 /* GoodsBase.m */,
				1F76B1541E9E0DB300C88034 /* PageModel.h */,
				1F76B1551E9E0DB300C88034 /* PageModel.m */,
				1F76B1571E9E0E3800C88034 /* MyModel.h */,
				1F76B1581E9E0E3800C88034 /* MyModel.m */,
			);
			name = Model;
			sourceTree = "<group>";
		};
		4DE109C1854901DA6AEFD1C4 /* Frameworks */ = {
			isa = PBXGroup;
			children = (
				4114E00D283ED943945227CD /* Pods_FJFilterMenuDemo.framework */,
			);
			name = Frameworks;
			sourceTree = "<group>";
		};
		9C4F459359C14094FA9292A1 /* Pods */ = {
			isa = PBXGroup;
			children = (
				3ECF6E6F3CE286C1918E99FD /* Pods-FJFilterMenuDemo.debug.xcconfig */,
				59B3644BD29DF81250B09BEA /* Pods-FJFilterMenuDemo.release.xcconfig */,
			);
			name = Pods;
			sourceTree = "<group>";
		};
/* End PBXGroup section */

/* Begin PBXNativeTarget section */
		1F4A2D581E9779DC0033B5D8 /* FJFilterMenuDemo */ = {
			isa = PBXNativeTarget;
			buildConfigurationList = 1F4A2D701E9779DC0033B5D8 /* Build configuration list for PBXNativeTarget "FJFilterMenuDemo" */;
			buildPhases = (
				8194EABDBD34DEAE7E0F0EC3 /* [CP] Check Pods Manifest.lock */,
				1F4A2D551E9779DC0033B5D8 /* Sources */,
				1F4A2D561E9779DC0033B5D8 /* Frameworks */,
				1F4A2D571E9779DC0033B5D8 /* Resources */,
				804B843366806306DE6B055A /* [CP] Embed Pods Frameworks */,
				CE5EA1339D6044FABBA4B2C1 /* [CP] Copy Pods Resources */,
			);
			buildRules = (
			);
			dependencies = (
			);
			name = FJFilterMenuDemo;
			productName = FJFilterMenuDemo;
			productReference = 1F4A2D591E9779DC0033B5D8 /* FJFilterMenuDemo.app */;
			productType = "com.apple.product-type.application";
		};
/* End PBXNativeTarget section */

/* Begin PBXProject section */
		1F4A2D511E9779DC0033B5D8 /* Project object */ = {
			isa = PBXProject;
			attributes = {
				LastUpgradeCheck = 0830;
				ORGANIZATIONNAME = Jeff;
				TargetAttributes = {
					1F4A2D581E9779DC0033B5D8 = {
						CreatedOnToolsVersion = 8.3;
						DevelopmentTeam = 9YHHLB2CQ7;
						ProvisioningStyle = Automatic;
					};
				};
			};
			buildConfigurationList = 1F4A2D541E9779DC0033B5D8 /* Build configuration list for PBXProject "FJFilterMenuDemo" */;
			compatibilityVersion = "Xcode 3.2";
			developmentRegion = English;
			hasScannedForEncodings = 0;
			knownRegions = (
				en,
				Base,
			);
			mainGroup = 1F4A2D501E9779DC0033B5D8;
			productRefGroup = 1F4A2D5A1E9779DC0033B5D8 /* Products */;
			projectDirPath = "";
			projectRoot = "";
			targets = (
				1F4A2D581E9779DC0033B5D8 /* FJFilterMenuDemo */,
			);
		};
/* End PBXProject section */

/* Begin PBXResourcesBuildPhase section */
		1F4A2D571E9779DC0033B5D8 /* Resources */ = {
			isa = PBXResourcesBuildPhase;
			buildActionMask = 2147483647;
			files = (
				1FB236C91E9F13B000B9864D /* FilterTuningSellerCell.xib in Resources */,
				1FB236B51E9F0BEB00B9864D /* FilterTagButton.xib in Resources */,
				1F58A6FD1E9B616400ADAD31 /* SearchHistoryCell.xib in Resources */,
				1F9CCD0F1E9CA9CC005570AE /* SearchTuneBar.xib in Resources */,
				1F9CCD251E9CBB82005570AE /* ProductCollectionViewCell.xib in Resources */,
				1F76B1441E9E01AE00C88034 /* category.json in Resources */,
				1F76B1421E9DFB3400C88034 /* FilterGroupCell.xib in Resources */,
				1F9CCD051E9C854C005570AE /* ProductSearchBar.xib in Resources */,
				1F4A2D6C1E9779DC0033B5D8 /* LaunchScreen.storyboard in Resources */,
				1F76B13D1E9DF96500C88034 /* FilterGroupHeaderView.xib in Resources */,
				1F4A2D691E9779DC0033B5D8 /* Assets.xcassets in Resources */,
				1FB236BF1E9F114700B9864D /* FilterPriceCell.xib in Resources */,
				1F9CCD0A1E9CA8B6005570AE /* SearchTuneBarView.xib in Resources */,
				1F4A2D671E9779DC0033B5D8 /* Main.storyboard in Resources */,
				1FB236BA1E9F111B00B9864D /* FilterTuningBrandCell.xib in Resources */,
				1FB236C41E9F116400B9864D /* FilterCustomPriceCell.xib in Resources */,
				1F58A7081E9B972100ADAD31 /* SearchAutomatedCell.xib in Resources */,
			);
			runOnlyForDeploymentPostprocessing = 0;
		};
/* End PBXResourcesBuildPhase section */

/* Begin PBXShellScriptBuildPhase section */
		804B843366806306DE6B055A /* [CP] Embed Pods Frameworks */ = {
			isa = PBXShellScriptBuildPhase;
			buildActionMask = 2147483647;
			files = (
			);
			inputPaths = (
			);
			name = "[CP] Embed Pods Frameworks";
			outputPaths = (
			);
			runOnlyForDeploymentPostprocessing = 0;
			shellPath = /bin/sh;
			shellScript = "\"${SRCROOT}/Pods/Target Support Files/Pods-FJFilterMenuDemo/Pods-FJFilterMenuDemo-frameworks.sh\"\n";
			showEnvVarsInLog = 0;
		};
		8194EABDBD34DEAE7E0F0EC3 /* [CP] Check Pods Manifest.lock */ = {
			isa = PBXShellScriptBuildPhase;
			buildActionMask = 2147483647;
			files = (
			);
			inputPaths = (
			);
			name = "[CP] Check Pods Manifest.lock";
			outputPaths = (
			);
			runOnlyForDeploymentPostprocessing = 0;
			shellPath = /bin/sh;
			shellScript = "diff \"${PODS_ROOT}/../Podfile.lock\" \"${PODS_ROOT}/Manifest.lock\" > /dev/null\nif [ $? != 0 ] ; then\n    # print error to STDERR\n    echo \"error: The sandbox is not in sync with the Podfile.lock. Run 'pod install' or update your CocoaPods installation.\" >&2\n    exit 1\nfi\n";
			showEnvVarsInLog = 0;
		};
		CE5EA1339D6044FABBA4B2C1 /* [CP] Copy Pods Resources */ = {
			isa = PBXShellScriptBuildPhase;
			buildActionMask = 2147483647;
			files = (
			);
			inputPaths = (
			);
			name = "[CP] Copy Pods Resources";
			outputPaths = (
			);
			runOnlyForDeploymentPostprocessing = 0;
			shellPath = /bin/sh;
			shellScript = "\"${SRCROOT}/Pods/Target Support Files/Pods-FJFilterMenuDemo/Pods-FJFilterMenuDemo-resources.sh\"\n";
			showEnvVarsInLog = 0;
		};
/* End PBXShellScriptBuildPhase section */

/* Begin PBXSourcesBuildPhase section */
		1F4A2D551E9779DC0033B5D8 /* Sources */ = {
			isa = PBXSourcesBuildPhase;
			buildActionMask = 2147483647;
			files = (
				1F76B15C1E9E1E7300C88034 /* NSArray+JSONModel.m in Sources */,
				1F9CCD2B1E9CD732005570AE /* FJCollectionView+FJRefresh.m in Sources */,
				1F4A2D641E9779DC0033B5D8 /* ViewController.m in Sources */,
				1F9CCD151E9CAB88005570AE /* FilterSelectModel.m in Sources */,
				1FB236B91E9F111B00B9864D /* FilterTuningBrandCell.m in Sources */,
				1FB236D81E9F71DD00B9864D /* HotSearchModel.m in Sources */,
				1FB236C81E9F13B000B9864D /* FilterTuningSellerCell.m in Sources */,
				1F76B1381E9DDA3E00C88034 /* SearchFilterCategoryView.m in Sources */,
				1F58A7001E9B884B00ADAD31 /* SearchBaseViewController.m in Sources */,
				1F9CCD281E9CC4F7005570AE /* QueryModel.m in Sources */,
				1F4A2D611E9779DC0033B5D8 /* AppDelegate.m in Sources */,
				1F76B1411E9DFB3400C88034 /* FilterGroupCell.m in Sources */,
				1FB236CC1E9F64D700B9864D /* FJTagModel.m in Sources */,
				1F76B1501E9E0D0000C88034 /* ProductSearchResponse.m in Sources */,
				1FB236C31E9F116400B9864D /* FilterCustomPriceCell.m in Sources */,
				1F76B1531E9E0D4B00C88034 /* GoodsBase.m in Sources */,
				1F9CCD241E9CBB82005570AE /* ProductCollectionViewCell.m in Sources */,
				1F9CCD041E9C854C005570AE /* ProductSearchBar.m in Sources */,
				1F4A2D841E977FA00033B5D8 /* SearchRootViewController.m in Sources */,
				1F4A2D5E1E9779DC0033B5D8 /* main.m in Sources */,
				1F76B1351E9DD2E900C88034 /* ProductViewController.m in Sources */,
				1F58A7071E9B972100ADAD31 /* SearchAutomatedCell.m in Sources */,
				1F58A6F01E9B1EE800ADAD31 /* FJTagConfig.m in Sources */,
				1F9CCD091E9CA8B6005570AE /* SearchTuneBarView.m in Sources */,
				1F4A2D811E977E5D0033B5D8 /* SearchResultViewController.m in Sources */,
				1F4A2D8A1E979DB00033B5D8 /* SearchHistoryView.m in Sources */,
				1F76B1561E9E0DB300C88034 /* PageModel.m in Sources */,
				1F76B13B1E9DF95700C88034 /* FilterGroupHeaderView.m in Sources */,
				1F58A70B1E9B987D00ADAD31 /* SearchAutomatedView.m in Sources */,
				1F9CCCFD1E9C68E4005570AE /* SearchNavBarButton.m in Sources */,
				1F58A6FC1E9B616400ADAD31 /* SearchHistoryCell.m in Sources */,
				1F4A2D871E979A660033B5D8 /* HomeViewController.m in Sources */,
				1F9CCD001E9C703C005570AE /* MessageViewController.m in Sources */,
				1F76B1591E9E0E3800C88034 /* MyModel.m in Sources */,
				1F58A6F31E9B3E2800ADAD31 /* FJTextButton.m in Sources */,
				1F9CCD181E9CAC87005570AE /* FilterTagButton.m in Sources */,
				1F9CCD0E1E9CA9CC005570AE /* SearchTuneBar.m in Sources */,
				1FB236BE1E9F114700B9864D /* FilterPriceCell.m in Sources */,
				1FB236D21E9F6F2800B9864D /* RecentSearchModel.m in Sources */,
				1F4A2D8E1E97B8A40033B5D8 /* FJTagCollectionView.m in Sources */,
				1F9CCD2E1E9CE5ED005570AE /* SearchFilterView.m in Sources */,
				1FB236CF1E9F651600B9864D /* NSArray+FJTagModel.m in Sources */,
			);
			runOnlyForDeploymentPostprocessing = 0;
		};
/* End PBXSourcesBuildPhase section */

/* Begin PBXVariantGroup section */
		1F4A2D651E9779DC0033B5D8 /* Main.storyboard */ = {
			isa = PBXVariantGroup;
			children = (
				1F4A2D661E9779DC0033B5D8 /* Base */,
			);
			name = Main.storyboard;
			sourceTree = "<group>";
		};
		1F4A2D6A1E9779DC0033B5D8 /* LaunchScreen.storyboard */ = {
			isa = PBXVariantGroup;
			children = (
				1F4A2D6B1E9779DC0033B5D8 /* Base */,
			);
			name = LaunchScreen.storyboard;
			sourceTree = "<group>";
		};
/* End PBXVariantGroup section */

/* Begin XCBuildConfiguration section */
		1F4A2D6E1E9779DC0033B5D8 /* Debug */ = {
			isa = XCBuildConfiguration;
			buildSettings = {
				ALWAYS_SEARCH_USER_PATHS = NO;
				CLANG_ANALYZER_NONNULL = YES;
				CLANG_ANALYZER_NUMBER_OBJECT_CONVERSION = YES_AGGRESSIVE;
				CLANG_CXX_LANGUAGE_STANDARD = "gnu++0x";
				CLANG_CXX_LIBRARY = "libc++";
				CLANG_ENABLE_MODULES = YES;
				CLANG_ENABLE_OBJC_ARC = YES;
				CLANG_WARN_BOOL_CONVERSION = YES;
				CLANG_WARN_CONSTANT_CONVERSION = YES;
				CLANG_WARN_DIRECT_OBJC_ISA_USAGE = YES_ERROR;
				CLANG_WARN_DOCUMENTATION_COMMENTS = YES;
				CLANG_WARN_EMPTY_BODY = YES;
				CLANG_WARN_ENUM_CONVERSION = YES;
				CLANG_WARN_INFINITE_RECURSION = YES;
				CLANG_WARN_INT_CONVERSION = YES;
				CLANG_WARN_OBJC_ROOT_CLASS = YES_ERROR;
				CLANG_WARN_SUSPICIOUS_MOVE = YES;
				CLANG_WARN_UNREACHABLE_CODE = YES;
				CLANG_WARN__DUPLICATE_METHOD_MATCH = YES;
				"CODE_SIGN_IDENTITY[sdk=iphoneos*]" = "iPhone Developer";
				COPY_PHASE_STRIP = NO;
				DEBUG_INFORMATION_FORMAT = dwarf;
				ENABLE_STRICT_OBJC_MSGSEND = YES;
				ENABLE_TESTABILITY = YES;
				GCC_C_LANGUAGE_STANDARD = gnu99;
				GCC_DYNAMIC_NO_PIC = NO;
				GCC_NO_COMMON_BLOCKS = YES;
				GCC_OPTIMIZATION_LEVEL = 0;
				GCC_PREPROCESSOR_DEFINITIONS = (
					"DEBUG=1",
					"$(inherited)",
				);
				GCC_WARN_64_TO_32_BIT_CONVERSION = YES;
				GCC_WARN_ABOUT_RETURN_TYPE = YES_ERROR;
				GCC_WARN_UNDECLARED_SELECTOR = YES;
				GCC_WARN_UNINITIALIZED_AUTOS = YES_AGGRESSIVE;
				GCC_WARN_UNUSED_FUNCTION = YES;
				GCC_WARN_UNUSED_VARIABLE = YES;
				IPHONEOS_DEPLOYMENT_TARGET = 10.3;
				MTL_ENABLE_DEBUG_INFO = YES;
				ONLY_ACTIVE_ARCH = YES;
				SDKROOT = iphoneos;
			};
			name = Debug;
		};
		1F4A2D6F1E9779DC0033B5D8 /* Release */ = {
			isa = XCBuildConfiguration;
			buildSettings = {
				ALWAYS_SEARCH_USER_PATHS = NO;
				CLANG_ANALYZER_NONNULL = YES;
				CLANG_ANALYZER_NUMBER_OBJECT_CONVERSION = YES_AGGRESSIVE;
				CLANG_CXX_LANGUAGE_STANDARD = "gnu++0x";
				CLANG_CXX_LIBRARY = "libc++";
				CLANG_ENABLE_MODULES = YES;
				CLANG_ENABLE_OBJC_ARC = YES;
				CLANG_WARN_BOOL_CONVERSION = YES;
				CLANG_WARN_CONSTANT_CONVERSION = YES;
				CLANG_WARN_DIRECT_OBJC_ISA_USAGE = YES_ERROR;
				CLANG_WARN_DOCUMENTATION_COMMENTS = YES;
				CLANG_WARN_EMPTY_BODY = YES;
				CLANG_WARN_ENUM_CONVERSION = YES;
				CLANG_WARN_INFINITE_RECURSION = YES;
				CLANG_WARN_INT_CONVERSION = YES;
				CLANG_WARN_OBJC_ROOT_CLASS = YES_ERROR;
				CLANG_WARN_SUSPICIOUS_MOVE = YES;
				CLANG_WARN_UNREACHABLE_CODE = YES;
				CLANG_WARN__DUPLICATE_METHOD_MATCH = YES;
				"CODE_SIGN_IDENTITY[sdk=iphoneos*]" = "iPhone Developer";
				COPY_PHASE_STRIP = NO;
				DEBUG_INFORMATION_FORMAT = "dwarf-with-dsym";
				ENABLE_NS_ASSERTIONS = NO;
				ENABLE_STRICT_OBJC_MSGSEND = YES;
				GCC_C_LANGUAGE_STANDARD = gnu99;
				GCC_NO_COMMON_BLOCKS = YES;
				GCC_WARN_64_TO_32_BIT_CONVERSION = YES;
				GCC_WARN_ABOUT_RETURN_TYPE = YES_ERROR;
				GCC_WARN_UNDECLARED_SELECTOR = YES;
				GCC_WARN_UNINITIALIZED_AUTOS = YES_AGGRESSIVE;
				GCC_WARN_UNUSED_FUNCTION = YES;
				GCC_WARN_UNUSED_VARIABLE = YES;
				IPHONEOS_DEPLOYMENT_TARGET = 10.3;
				MTL_ENABLE_DEBUG_INFO = NO;
				SDKROOT = iphoneos;
				VALIDATE_PRODUCT = YES;
			};
			name = Release;
		};
		1F4A2D711E9779DC0033B5D8 /* Debug */ = {
			isa = XCBuildConfiguration;
			baseConfigurationReference = 3ECF6E6F3CE286C1918E99FD /* Pods-FJFilterMenuDemo.debug.xcconfig */;
			buildSettings = {
				ASSETCATALOG_COMPILER_APPICON_NAME = AppIcon;
				DEVELOPMENT_TEAM = 9YHHLB2CQ7;
				GCC_PREFIX_HEADER = "$(PROJECT_DIR)/FJFilterMenuDemo/demo.pch";
				INFOPLIST_FILE = FJFilterMenuDemo/Info.plist;
				IPHONEOS_DEPLOYMENT_TARGET = 8.0;
				LD_RUNPATH_SEARCH_PATHS = "$(inherited) @executable_path/Frameworks";
				PRODUCT_BUNDLE_IDENTIFIER = Jeff.FJFilterMenuDemo;
				PRODUCT_NAME = "$(TARGET_NAME)";
			};
			name = Debug;
		};
		1F4A2D721E9779DC0033B5D8 /* Release */ = {
			isa = XCBuildConfiguration;
			baseConfigurationReference = 59B3644BD29DF81250B09BEA /* Pods-FJFilterMenuDemo.release.xcconfig */;
			buildSettings = {
				ASSETCATALOG_COMPILER_APPICON_NAME = AppIcon;
				DEVELOPMENT_TEAM = 9YHHLB2CQ7;
				GCC_PREFIX_HEADER = "$(PROJECT_DIR)/FJFilterMenuDemo/demo.pch";
				INFOPLIST_FILE = FJFilterMenuDemo/Info.plist;
				IPHONEOS_DEPLOYMENT_TARGET = 8.0;
				LD_RUNPATH_SEARCH_PATHS = "$(inherited) @executable_path/Frameworks";
				PRODUCT_BUNDLE_IDENTIFIER = Jeff.FJFilterMenuDemo;
				PRODUCT_NAME = "$(TARGET_NAME)";
			};
			name = Release;
		};
/* End XCBuildConfiguration section */

/* Begin XCConfigurationList section */
		1F4A2D541E9779DC0033B5D8 /* Build configuration list for PBXProject "FJFilterMenuDemo" */ = {
			isa = XCConfigurationList;
			buildConfigurations = (
				1F4A2D6E1E9779DC0033B5D8 /* Debug */,
				1F4A2D6F1E9779DC0033B5D8 /* Release */,
			);
			defaultConfigurationIsVisible = 0;
			defaultConfigurationName = Release;
		};
		1F4A2D701E9779DC0033B5D8 /* Build configuration list for PBXNativeTarget "FJFilterMenuDemo" */ = {
			isa = XCConfigurationList;
			buildConfigurations = (
				1F4A2D711E9779DC0033B5D8 /* Debug */,
				1F4A2D721E9779DC0033B5D8 /* Release */,
			);
			defaultConfigurationIsVisible = 0;
			defaultConfigurationName = Release;
		};
/* End XCConfigurationList section */
	};
	rootObject = 1F4A2D511E9779DC0033B5D8 /* Project object */;
}
